{
  "nodes": {
    "flake-parts": {
      "inputs": {
        "nixpkgs-lib": "nixpkgs-lib"
      },
      "locked": {
        "lastModified": 1787559586,
        "narHash": "sha256-onL0VLf9vPllmT0H/OlURIU5r5t5WIEl7t4tVNKT0Nw=",
        "owner": "hercules-ci",
        "repo": "flake-parts",
        "rev": "9d0d87172c374f89da73c1cfe6d81ae62feac1f1",
        "type": "github"
      },
      "original": {
        "owner": "hercules-ci",
        "repo": "flake-parts",
        "type": "github"
      }
    },
    "flake-parts_2": {
      "inputs": {
        "nixpkgs-lib": [
          "neovim-nightly-overlay",
          "nixpkgs"
        ]
      },
      "locked": {
        "lastModified": 1787559586,
        "narHash": "sha256-onL0VLf9vPllmT0H/OlURIU5r5t5WIEl7t4tVNKT0Nw=",
        "owner": "hercules-ci",
        "repo": "flake-parts",
        "rev": "9d0d87172c374f89da73c1cfe6d81ae62feac1f1",
        "type": "github"
      },
      "original": {
        "owner": "hercules-ci",
        "repo": "flake-parts",
        "type": "github"
      }
    },
    "neovim-nightly-overlay": {
      "inputs": {
        "flake-parts": "flake-parts_2",
        "neovim-src": "neovim-src",
        "nixpkgs": "nixpkgs"
      },
      "locked": {
        "lastModified": 1787795708,
        "narHash": "sha256-NvPFjEELb7aKvLSndc3QJwreCsQit246A8Z31SdmrTc=",
        "owner": "nix-community",
        "repo": "neovim-nightly-overlay",
        "rev": "727bf410a2fb0743e9a4624aa7dce02386828a72",
        "type": "github"
      },
      "original": {
        "owner": "nix-community",
        "repo": "neovim-nightly-overlay",
        "type": "github"
      }
    },
    "neovim-src": {
      "flake": false,
      "locked": {
        "lastModified": 1787788455,
        "narHash": "sha256-dE/eKBquLBQwpG81dPDVjFJt/OubVtdNnAePnbVim1E=",
        "owner": "neovim",
        "repo": "neovim",
        "rev": "6eb36bcb2de9cb066e8169daed053c77eb7667ed",
        "type": "github"
      },
      "original": {
        "owner": "neovim",
        "repo": "neovim",
        "type": "github"
      }
    },
    "nixCats": {
      "locked": {
        "lastModified": 1787720571,
        "narHash": "sha256-jvoTU61m2p2knJMIvDwWqkhf5CrmKCkiCO0KR3GIryw=",
        "owner": "BirdeeHub",
        "repo": "nixCats-nvim",
        "rev": "8fcebab53bfe800b963e8db5e28b63baa65850d3",
        "type": "github"
      },
      "original": {
        "owner": "BirdeeHub",
        "repo": "nixCats-nvim",
        "type": "github"
      }
    },
    "nixpkgs": {
      "locked": {
        "lastModified": 1787631388,
        "narHash": "sha256-vMiXptXarfSdJb1Gkc+FYVOAibuBRj7qxGa8z68q1Uw=",
        "owner": "NixOS",
        "repo": "nixpkgs",
        "rev": "ac6b2166e7a9375683b8e98f860f273222337b16",
        "type": "github"
      },
      "original": {
        "owner": "NixOS",
        "ref": "nixpkgs-unstable",
        "repo": "nixpkgs",
        "type": "github"
      }
    },
    "nixpkgs-lib": {
      "locked": {
        "lastModified": 1785031560,
        "narHash": "sha256-OmshNvn2vupOFpYinLUu+1Dnpu4n7Q5N3ggGVNHpkUI=",
        "owner": "nix-community",
        "repo": "nixpkgs.lib",
        "rev": "0e79af5e3d4dcfcd676ab5ba3f95d2e3352e078c",
        "type": "github"
      },
      "original": {
        "owner": "nix-community",
        "repo": "nixpkgs.lib",
        "type": "github"
      }
    },
    "nixpkgs_2": {
      "locked": {
        "lastModified": 1787631388,
        "narHash": "sha256-vMiXptXarfSdJb1Gkc+FYVOAibuBRj7qxGa8z68q1Uw=",
        "owner": "nixos",
        "repo": "nixpkgs",
        "rev": "ac6b2166e7a9375683b8e98f860f273222337b16",
        "type": "github"
      },
      "original": {
        "owner": "nixos",
        "ref": "nixpkgs-unstable",
        "repo": "nixpkgs",
        "type": "github"
      }
    },
    "plugins-blink-cmp-git": {
      "flake": false,
      "locked": {
        "lastModified": 1779950429,
        "narHash": "sha256-Q/QUN2R3zgrJwyypD3b7da1PVOnn8zyoqctoyhZdK+M=",
        "owner": "Kaiser-Yang",
        "repo": "blink-cmp-git",
        "rev": "d3f2a9067ab028e779d08e61bf0b054939011316",
        "type": "github"
      },
      "original": {
        "owner": "Kaiser-Yang",
        "repo": "blink-cmp-git",
        "type": "github"
      }
    },
    "plugins-blink-emoji.nvim": {
      "flake": false,
      "locked": {
        "lastModified": 1775942320,
        "narHash": "sha256-qBJ0zwkKlxZ6S6VzMusm9CCKx+EN1YOaBfdMb7xKQ5A=",
        "owner": "moyiz",
        "repo": "blink-emoji.nvim",
        "rev": "dff709139ad5389fb55ebab026e75278a12b325a",
        "type": "github"
      },
      "original": {
        "owner": "moyiz",
        "repo": "blink-emoji.nvim",
        "type": "github"
      }
    },
    "plugins-codecompanion-history.nvim": {
      "flake": false,
      "locked": {
        "lastModified": 1769053856,
        "narHash": "sha256-SnzpyXqrAf60Vs7JbwuHmAJ/TNON8wwqNyPN3EGc2Og=",
        "owner": "ravitemer",
        "repo": "codecompanion-history.nvim",
        "rev": "bc1b4fe06eaaf0aa2399be742e843c22f7f1652a",
        "type": "github"
      },
      "original": {
        "owner": "ravitemer",
        "repo": "codecompanion-history.nvim",
        "type": "github"
      }
    },
    "plugins-codecompanion.nvim": {
      "flake": false,
      "locked": {
        "lastModified": 1787696124,
        "narHash": "sha256-4Kxg4XgtkFxBatJRaKBYWU4yw9Dij24tGTLvgA181EI=",
        "owner": "olimorris",
        "repo": "codecompanion.nvim",
        "rev": "c39ddadd1d4e4f976d5c165348bd89eed98e3178",
        "type": "github"
      },
      "original": {
        "owner": "olimorris",
        "repo": "codecompanion.nvim",
        "type": "github"
      }
    },
    "plugins-copilot.lua": {
      "flake": false,
      "locked": {
        "lastModified": 1786150241,
        "narHash": "sha256-nrKBq1K43l34S812udQHKIPWoSamCgQLtfYq/AjBu5I=",
        "owner": "zbirenbaum",
        "repo": "copilot.lua",
        "rev": "7e6723aabea044519462958ffcea68d7985c5ed0",
        "type": "github"
      },
      "original": {
        "owner": "zbirenbaum",
        "repo": "copilot.lua",
        "type": "github"
      }
    },
    "plugins-dropbar.nvim": {
      "flake": false,
      "locked": {
        "lastModified": 1780204915,
        "narHash": "sha256-S9TD5PkHKHoo2jfjOXkQoNtyr/PNtR/eljXB+8PtGU8=",
        "owner": "Bekaboo",
        "repo": "dropbar.nvim",
        "rev": "808ba31cde89aec8833e9789f5e04557cd31c9e1",
        "type": "github"
      },
      "original": {
        "owner": "Bekaboo",
        "repo": "dropbar.nvim",
        "type": "github"
      }
    },
    "plugins-fzf-lua": {
      "flake": false,
      "locked": {
        "lastModified": 1786592103,
        "narHash": "sha256-n56nWDxYssTpSWBcverRA8BWmoLamNAPMf7x2mPtRVI=",
        "owner": "ibhagwan",
        "repo": "fzf-lua",
        "rev": "05e44d38de0a79c11fba5f7bf8138791b1dbdd1e",
        "type": "github"
      },
      "original": {
        "owner": "ibhagwan",
        "repo": "fzf-lua",
        "type": "github"
      }
    },
    "plugins-lze": {
      "flake": false,
      "locked": {
        "lastModified": 1787578920,
        "narHash": "sha256-OF1my8rsj9Bk50JRskIM4UBStn3At/otBTv4+R38OQI=",
        "owner": "BirdeeHub",
        "repo": "lze",
        "rev": "f8f007cd73a08bc3453b001e4438da0f1a3e41ea",
        "type": "github"
      },
      "original": {
        "owner": "BirdeeHub",
        "repo": "lze",
        "type": "github"
      }
    },
    "plugins-mcphub.nvim": {
      "flake": false,
      "locked": {
        "lastModified": 1773913086,
        "narHash": "sha256-3UsfSpiWarEZfWxF9SL0herrEBIaUmQLixcfRWYVWic=",
        "owner": "bahaaza",
        "repo": "mcphub.nvim",
        "rev": "f94e1c8e1aea68c3f8f6df5cf51c752033584fd0",
        "type": "github"
      },
      "original": {
        "owner": "bahaaza",
        "repo": "mcphub.nvim",
        "type": "github"
      }
    },
    "plugins-mdx.nvim": {
      "flake": false,
      "locked": {
        "lastModified": 1776274011,
        "narHash": "sha256-gkEz2fGQxZkqrJwVyB1LW8d6Z3BUR+nm4e7qX5D3Ak4=",
        "owner": "davidmh",
        "repo": "mdx.nvim",
        "rev": "6c3dc7c4a4b58b5d86404c21a9b4655282ca08c5",
        "type": "github"
      },
      "original": {
        "owner": "davidmh",
        "repo": "mdx.nvim",
        "type": "github"
      }
    },
    "plugins-neotest": {
      "flake": false,
      "locked": {
        "lastModified": 1786894942,
        "narHash": "sha256-BiU0OEN8kTbPbLr0f1ueHXFWwQN8djXlqqInFlV01rM=",
        "owner": "nvim-neotest",
        "repo": "neotest",
        "rev": "27bf921498043f7ecd821d6db68d05de244bbd02",
        "type": "github"
      },
      "original": {
        "owner": "nvim-neotest",
        "repo": "neotest",
        "type": "github"
      }
    },
    "plugins-neotest-vitest": {
      "flake": false,
      "locked": {
        "lastModified": 1783898028,
        "narHash": "sha256-BPERc4+iWEu1UWDXv+MaSUXJR4KNFFAqrPXxyJCSe9I=",
        "owner": "marilari88",
        "repo": "neotest-vitest",
        "rev": "c3c69715da4b158069fd4262083e7219a5c14cfb",
        "type": "github"
      },
      "original": {
        "owner": "marilari88",
        "repo": "neotest-vitest",
        "type": "github"
      }
    },
    "plugins-nvim-nio": {
      "flake": false,
      "locked": {
        "lastModified": 1784103140,
        "narHash": "sha256-7NWyTAF6cgB2weYRBmEtGnWlA+pn2A35wlLttOuLNN8=",
        "owner": "nvim-neotest",
        "repo": "nvim-nio",
        "rev": "edcc181a875301dd21840189aa2f2f9ad69fc172",
        "type": "github"
      },
      "original": {
        "owner": "nvim-neotest",
        "repo": "nvim-nio",
        "type": "github"
      }
    },
    "plugins-nx.nvim": {
      "flake": false,
      "locked": {
        "lastModified": 1705745682,
        "narHash": "sha256-dYP+1LzMTe8UCYq+opWtNPWweIdKDcTbrzKYxo5L0j4=",
        "owner": "Sewb21",
        "repo": "nx.nvim",
        "rev": "53f3eef7f05903d0767e8909d73eaf012a9dd971",
        "type": "github"
      },
      "original": {
        "owner": "Sewb21",
        "repo": "nx.nvim",
        "type": "github"
      }
    },
    "plugins-octo.nvim": {
      "flake": false,
      "locked": {
        "lastModified": 1787558205,
        "narHash": "sha256-gkb8jaSkxR7GumWtkD78zx9vtHPSgieoIUhDQgqTb1o=",
        "owner": "pwntester",
        "repo": "octo.nvim",
        "rev": "37a416818c61bd2d150498e2f601744e5329e2eb",
        "type": "github"
      },
      "original": {
        "owner": "pwntester",
        "repo": "octo.nvim",
        "type": "github"
      }
    },
    "plugins-screenkey.nvim": {
      "flake": false,
      "locked": {
        "lastModified": 1777413486,
        "narHash": "sha256-VCK4s4uSqnmGP7u4KuQsNrkt+NCR5oJf036cKEBO+yo=",
        "owner": "NStefan002",
        "repo": "screenkey.nvim",
        "rev": "740e238d1f143cb5f3a9d932f9c5142d3581b986",
        "type": "github"
      },
      "original": {
        "owner": "NStefan002",
        "repo": "screenkey.nvim",
        "type": "github"
      }
    },
    "plugins-snacks.nvim": {
      "flake": false,
      "locked": {
        "lastModified": 1779727538,
        "narHash": "sha256-gU0XjCcnmZNwZ/erukA8miBiMKaSsSiInLtiv+OyEJI=",
        "owner": "folke",
        "repo": "snacks.nvim",
        "rev": "882c996cf28183f4d63640de0b4c02ec886d01f2",
        "type": "github"
      },
      "original": {
        "owner": "folke",
        "repo": "snacks.nvim",
        "type": "github"
      }
    },
    "root": {
      "inputs": {
        "flake-parts": "flake-parts",
        "neovim-nightly-overlay": "neovim-nightly-overlay",
        "nixCats": "nixCats",
        "nixpkgs": "nixpkgs_2",
        "plugins-blink-cmp-git": "plugins-blink-cmp-git",
        "plugins-blink-emoji.nvim": "plugins-blink-emoji.nvim",
        "plugins-codecompanion-history.nvim": "plugins-codecompanion-history.nvim",
        "plugins-codecompanion.nvim": "plugins-codecompanion.nvim",
        "plugins-copilot.lua": "plugins-copilot.lua",
        "plugins-dropbar.nvim": "plugins-dropbar.nvim",
        "plugins-fzf-lua": "plugins-fzf-lua",
        "plugins-lze": "plugins-lze",
        "plugins-mcphub.nvim": "plugins-mcphub.nvim",
        "plugins-mdx.nvim": "plugins-mdx.nvim",
        "plugins-neotest": "plugins-neotest",
        "plugins-neotest-vitest": "plugins-neotest-vitest",
        "plugins-nvim-nio": "plugins-nvim-nio",
        "plugins-nx.nvim": "plugins-nx.nvim",
        "plugins-octo.nvim": "plugins-octo.nvim",
        "plugins-screenkey.nvim": "plugins-screenkey.nvim",
        "plugins-snacks.nvim": "plugins-snacks.nvim"
      }
    }
  },
  "root": "root",
  "version": 7
}
